
Microsoft Visual Studio Solution File, Format Version 12.00
# Visual Studio Version 17
VisualStudioVersion = 17.4.33213.308
MinimumVisualStudioVersion = 10.0.40219.1
Project("{FAE04EC0-301F-11D3-BF4B-00C04F79EFBC}") = "AdvanceRepository", "AdvanceRepository.csproj", "{7237F56C-2E96-41D8-80C7-301ADB04BE5A}"
EndProject
Global
	GlobalSection(SolutionConfigurationPlatforms) = preSolution
		Debug|Any CPU = Debug|Any CPU
		Release|Any CPU = Release|Any CPU
	EndGlobalSection
	GlobalSection(ProjectConfigurationPlatforms) = postSolution
		{7237F56C-2E96-41D8-80C7-301ADB04BE5A}.Debug|Any CPU.ActiveCfg = Debug|Any CPU
		{7237F56C-2E96-41D8-80C7-301ADB04BE5A}.Debug|Any CPU.Build.0 = Debug|Any CPU
		{7237F56C-2E96-41D8-80C7-301ADB04BE5A}.Release|Any CPU.ActiveCfg = Release|Any CPU
		{7237F56C-2E96-41D8-80C7-301ADB04BE5A}.Release|Any CPU.Build.0 = Release|Any CPU
	EndGlobalSection
	GlobalSection(SolutionProperties) = preSolution
		HideSolutionNode = FALSE
	EndGlobalSection
	GlobalSection(ExtensibilityGlobals) = postSolution
		SolutionGuid = {BE8AA8D2-9DAD-4C3C-B4F4-30B6830DB1CD}
	EndGlobalSection
EndGlobal
